// !$*UTF8*$!
{
	archiveVersion = 1;
	classes = {
	};
	objectVersion = 77;
	objects = {

/* Begin PBXBuildFile section */
		A9C5DB1B2D9ACB8A008FD8D5 /* main.c in Sources */ = {isa = PBXBuildFile; fileRef = A9C5DB192D9ACB8A008FD8D5 /* main.c */; };
		A9C5DB212D9ACB98008FD8D5 /* sqlite3.c in Sources */ = {isa = PBXBuildFile; fileRef = A9C5DB202D9ACB98008FD8D5 /* sqlite3.c */; settings = {COMPILER_FLAGS = "-w"; }; };
		A9C5DB222D9ACB98008FD8D5 /* quickjs.c in Sources */ = {isa = PBXBuildFile; fileRef = A9C5DB1D2D9ACB98008FD8D5 /* quickjs.c */; settings = {COMPILER_FLAGS = "-w"; }; };
		A9C5DB272D9ACBBC008FD8D5 /* sqlitejs.c in Sources */ = {isa = PBXBuildFile; fileRef = A9C5DB262D9ACBBC008FD8D5 /* sqlitejs.c */; };
/* End PBXBuildFile section */

/* Begin PBXCopyFilesBuildPhase section */
		A9C5DB022D9ACAFC008FD8D5 /* CopyFiles */ = {
			isa = PBXCopyFilesBuildPhase;
			buildActionMask = 2147483647;
			dstPath = /usr/share/man/man1/;
			dstSubfolderSpec = 0;
			files = (
			);
			runOnlyForDeploymentPostprocessing = 1;
		};
/* End PBXCopyFilesBuildPhase section */

/* Begin PBXFileReference section */
		A9C5DB042D9ACAFC008FD8D5 /* sqlitejs */ = {isa = PBXFileReference; explicitFileType = "compiled.mach-o.executable"; includeInIndex = 0; path = sqlitejs; sourceTree = BUILT_PRODUCTS_DIR; };
		A9C5DB192D9ACB8A008FD8D5 /* main.c */ = {isa = PBXFileReference; lastKnownFileType = sourcecode.c.c; path = main.c; sourceTree = "<group>"; };
		A9C5DB1C2D9ACB98008FD8D5 /* quickjs.h */ = {isa = PBXFileReference; lastKnownFileType = sourcecode.c.h; name = quickjs.h; path = ../libs/quickjs.h; sourceTree = SOURCE_ROOT; };
		A9C5DB1D2D9ACB98008FD8D5 /* quickjs.c */ = {isa = PBXFileReference; lastKnownFileType = sourcecode.c.c; name = quickjs.c; path = ../libs/quickjs.c; sourceTree = SOURCE_ROOT; };
		A9C5DB1E2D9ACB98008FD8D5 /* quickjs-libc.h */ = {isa = PBXFileReference; lastKnownFileType = sourcecode.c.h; name = "quickjs-libc.h"; path = "../libs/quickjs-libc.h"; sourceTree = SOURCE_ROOT; };
		A9C5DB1F2D9ACB98008FD8D5 /* sqlite3.h */ = {isa = PBXFileReference; lastKnownFileType = sourcecode.c.h; name = sqlite3.h; path = ../libs/sqlite3.h; sourceTree = SOURCE_ROOT; };
		A9C5DB202D9ACB98008FD8D5 /* sqlite3.c */ = {isa = PBXFileReference; lastKnownFileType = sourcecode.c.c; name = sqlite3.c; path = ../libs/sqlite3.c; sourceTree = SOURCE_ROOT; };
		A9C5DB252D9ACBBC008FD8D5 /* sqlitejs.h */ = {isa = PBXFileReference; lastKnownFileType = sourcecode.c.h; name = sqlitejs.h; path = ../src/sqlitejs.h; sourceTree = SOURCE_ROOT; };
		A9C5DB262D9ACBBC008FD8D5 /* sqlitejs.c */ = {isa = PBXFileReference; lastKnownFileType = sourcecode.c.c; name = sqlitejs.c; path = ../src/sqlitejs.c; sourceTree = SOURCE_ROOT; };
/* End PBXFileReference section */

/* Begin PBXFrameworksBuildPhase section */
		A9C5DB012D9ACAFC008FD8D5 /* Frameworks */ = {
			isa = PBXFrameworksBuildPhase;
			buildActionMask = 2147483647;
			files = (
			);
			runOnlyForDeploymentPostprocessing = 0;
		};
/* End PBXFrameworksBuildPhase section */

/* Begin PBXGroup section */
		A9C5DAFB2D9ACAFC008FD8D5 = {
			isa = PBXGroup;
			children = (
				A9C5DB1A2D9ACB8A008FD8D5 /* sqlitejs */,
				A9C5DB052D9ACAFC008FD8D5 /* Products */,
			);
			sourceTree = "<group>";
		};
		A9C5DB052D9ACAFC008FD8D5 /* Products */ = {
			isa = PBXGroup;
			children = (
				A9C5DB042D9ACAFC008FD8D5 /* sqlitejs */,
			);
			name = Products;
			sourceTree = "<group>";
		};
		A9C5DB1A2D9ACB8A008FD8D5 /* sqlitejs */ = {
			isa = PBXGroup;
			children = (
				A9C5DB192D9ACB8A008FD8D5 /* main.c */,
				A9C5DB282D9ACBC7008FD8D5 /* src */,
				A9C5DB232D9ACB9C008FD8D5 /* libs */,
			);
			path = sqlitejs;
			sourceTree = "<group>";
		};
		A9C5DB232D9ACB9C008FD8D5 /* libs */ = {
			isa = PBXGroup;
			children = (
				A9C5DB1C2D9ACB98008FD8D5 /* quickjs.h */,
				A9C5DB1D2D9ACB98008FD8D5 /* quickjs.c */,
				A9C5DB1E2D9ACB98008FD8D5 /* quickjs-libc.h */,
				A9C5DB1F2D9ACB98008FD8D5 /* sqlite3.h */,
				A9C5DB202D9ACB98008FD8D5 /* sqlite3.c */,
			);
			path = libs;
			sourceTree = "<group>";
		};
		A9C5DB282D9ACBC7008FD8D5 /* src */ = {
			isa = PBXGroup;
			children = (
				A9C5DB252D9ACBBC008FD8D5 /* sqlitejs.h */,
				A9C5DB262D9ACBBC008FD8D5 /* sqlitejs.c */,
			);
			path = src;
			sourceTree = "<group>";
		};
/* End PBXGroup section */

/* Begin PBXNativeTarget section */
		A9C5DB032D9ACAFC008FD8D5 /* sqlitejs */ = {
			isa = PBXNativeTarget;
			buildConfigurationList = A9C5DB0B2D9ACAFC008FD8D5 /* Build configuration list for PBXNativeTarget "sqlitejs" */;
			buildPhases = (
				A9C5DB002D9ACAFC008FD8D5 /* Sources */,
				A9C5DB012D9ACAFC008FD8D5 /* Frameworks */,
				A9C5DB022D9ACAFC008FD8D5 /* CopyFiles */,
			);
			buildRules = (
			);
			dependencies = (
			);
			name = sqlitejs;
			packageProductDependencies = (
			);
			productName = sqlitejs;
			productReference = A9C5DB042D9ACAFC008FD8D5 /* sqlitejs */;
			productType = "com.apple.product-type.tool";
		};
/* End PBXNativeTarget section */

/* Begin PBXProject section */
		A9C5DAFC2D9ACAFC008FD8D5 /* Project object */ = {
			isa = PBXProject;
			attributes = {
				BuildIndependentTargetsInParallel = 1;
				LastUpgradeCheck = 1620;
				TargetAttributes = {
					A9C5DB032D9ACAFC008FD8D5 = {
						CreatedOnToolsVersion = 16.2;
					};
				};
			};
			buildConfigurationList = A9C5DAFF2D9ACAFC008FD8D5 /* Build configuration list for PBXProject "sqlitejs" */;
			developmentRegion = en;
			hasScannedForEncodings = 0;
			knownRegions = (
				en,
				Base,
			);
			mainGroup = A9C5DAFB2D9ACAFC008FD8D5;
			minimizedProjectReferenceProxies = 1;
			preferredProjectObjectVersion = 77;
			productRefGroup = A9C5DB052D9ACAFC008FD8D5 /* Products */;
			projectDirPath = "";
			projectRoot = "";
			targets = (
				A9C5DB032D9ACAFC008FD8D5 /* sqlitejs */,
			);
		};
/* End PBXProject section */

/* Begin PBXSourcesBuildPhase section */
		A9C5DB002D9ACAFC008FD8D5 /* Sources */ = {
			isa = PBXSourcesBuildPhase;
			buildActionMask = 2147483647;
			files = (
				A9C5DB1B2D9ACB8A008FD8D5 /* main.c in Sources */,
				A9C5DB212D9ACB98008FD8D5 /* sqlite3.c in Sources */,
				A9C5DB272D9ACBBC008FD8D5 /* sqlitejs.c in Sources */,
				A9C5DB222D9ACB98008FD8D5 /* quickjs.c in Sources */,
			);
			runOnlyForDeploymentPostprocessing = 0;
		};
/* End PBXSourcesBuildPhase section */

/* Begin XCBuildConfiguration section */
		A9C5DB092D9ACAFC008FD8D5 /* Debug */ = {
			isa = XCBuildConfiguration;
			buildSettings = {
				ALWAYS_SEARCH_USER_PATHS = NO;
				ASSETCATALOG_COMPILER_GENERATE_SWIFT_ASSET_SYMBOL_EXTENSIONS = YES;
				CLANG_ANALYZER_NONNULL = YES;
				CLANG_ANALYZER_NUMBER_OBJECT_CONVERSION = YES_AGGRESSIVE;
				CLANG_CXX_LANGUAGE_STANDARD = "gnu++20";
				CLANG_ENABLE_MODULES = YES;
				CLANG_ENABLE_OBJC_ARC = YES;
				CLANG_ENABLE_OBJC_WEAK = YES;
				CLANG_WARN_BLOCK_CAPTURE_AUTORELEASING = YES;
				CLANG_WARN_BOOL_CONVERSION = YES;
				CLANG_WARN_COMMA = YES;
				CLANG_WARN_CONSTANT_CONVERSION = YES;
				CLANG_WARN_DEPRECATED_OBJC_IMPLEMENTATIONS = YES;
				CLANG_WARN_DIRECT_OBJC_ISA_USAGE = YES_ERROR;
				CLANG_WARN_DOCUMENTATION_COMMENTS = YES;
				CLANG_WARN_EMPTY_BODY = YES;
				CLANG_WARN_ENUM_CONVERSION = YES;
				CLANG_WARN_INFINITE_RECURSION = YES;
				CLANG_WARN_INT_CONVERSION = YES;
				CLANG_WARN_NON_LITERAL_NULL_CONVERSION = YES;
				CLANG_WARN_OBJC_IMPLICIT_RETAIN_SELF = YES;
				CLANG_WARN_OBJC_LITERAL_CONVERSION = YES;
				CLANG_WARN_OBJC_ROOT_CLASS = YES_ERROR;
				CLANG_WARN_QUOTED_INCLUDE_IN_FRAMEWORK_HEADER = YES;
				CLANG_WARN_RANGE_LOOP_ANALYSIS = YES;
				CLANG_WARN_STRICT_PROTOTYPES = YES;
				CLANG_WARN_SUSPICIOUS_MOVE = YES;
				CLANG_WARN_UNGUARDED_AVAILABILITY = YES_AGGRESSIVE;
				CLANG_WARN_UNREACHABLE_CODE = YES;
				CLANG_WARN__DUPLICATE_METHOD_MATCH = YES;
				COPY_PHASE_STRIP = NO;
				DEBUG_INFORMATION_FORMAT = dwarf;
				ENABLE_STRICT_OBJC_MSGSEND = YES;
				ENABLE_TESTABILITY = YES;
				ENABLE_USER_SCRIPT_SANDBOXING = YES;
				GCC_C_LANGUAGE_STANDARD = gnu17;
				GCC_DYNAMIC_NO_PIC = NO;
				GCC_NO_COMMON_BLOCKS = YES;
				GCC_OPTIMIZATION_LEVEL = 0;
				GCC_PREPROCESSOR_DEFINITIONS = (
					"DEBUG=1",
					"$(inherited)",
				);
				GCC_WARN_64_TO_32_BIT_CONVERSION = YES;
				GCC_WARN_ABOUT_RETURN_TYPE = YES_ERROR;
				GCC_WARN_UNDECLARED_SELECTOR = YES;
				GCC_WARN_UNINITIALIZED_AUTOS = YES_AGGRESSIVE;
				GCC_WARN_UNUSED_FUNCTION = YES;
				GCC_WARN_UNUSED_VARIABLE = YES;
				LOCALIZATION_PREFERS_STRING_CATALOGS = YES;
				MACOSX_DEPLOYMENT_TARGET = 15.2;
				MTL_ENABLE_DEBUG_INFO = INCLUDE_SOURCE;
				MTL_FAST_MATH = YES;
				ONLY_ACTIVE_ARCH = YES;
				SDKROOT = macosx;
			};
			name = Debug;
		};
		A9C5DB0A2D9ACAFC008FD8D5 /* Release */ = {
			isa = XCBuildConfiguration;
			buildSettings = {
				ALWAYS_SEARCH_USER_PATHS = NO;
				ASSETCATALOG_COMPILER_GENERATE_SWIFT_ASSET_SYMBOL_EXTENSIONS = YES;
				CLANG_ANALYZER_NONNULL = YES;
				CLANG_ANALYZER_NUMBER_OBJECT_CONVERSION = YES_AGGRESSIVE;
				CLANG_CXX_LANGUAGE_STANDARD = "gnu++20";
				CLANG_ENABLE_MODULES = YES;
				CLANG_ENABLE_OBJC_ARC = YES;
				CLANG_ENABLE_OBJC_WEAK = YES;
				CLANG_WARN_BLOCK_CAPTURE_AUTORELEASING = YES;
				CLANG_WARN_BOOL_CONVERSION = YES;
				CLANG_WARN_COMMA = YES;
				CLANG_WARN_CONSTANT_CONVERSION = YES;
				CLANG_WARN_DEPRECATED_OBJC_IMPLEMENTATIONS = YES;
				CLANG_WARN_DIRECT_OBJC_ISA_USAGE = YES_ERROR;
				CLANG_WARN_DOCUMENTATION_COMMENTS = YES;
				CLANG_WARN_EMPTY_BODY = YES;
				CLANG_WARN_ENUM_CONVERSION = YES;
				CLANG_WARN_INFINITE_RECURSION = YES;
				CLANG_WARN_INT_CONVERSION = YES;
				CLANG_WARN_NON_LITERAL_NULL_CONVERSION = YES;
				CLANG_WARN_OBJC_IMPLICIT_RETAIN_SELF = YES;
				CLANG_WARN_OBJC_LITERAL_CONVERSION = YES;
				CLANG_WARN_OBJC_ROOT_CLASS = YES_ERROR;
				CLANG_WARN_QUOTED_INCLUDE_IN_FRAMEWORK_HEADER = YES;
				CLANG_WARN_RANGE_LOOP_ANALYSIS = YES;
				CLANG_WARN_STRICT_PROTOTYPES = YES;
				CLANG_WARN_SUSPICIOUS_MOVE = YES;
				CLANG_WARN_UNGUARDED_AVAILABILITY = YES_AGGRESSIVE;
				CLANG_WARN_UNREACHABLE_CODE = YES;
				CLANG_WARN__DUPLICATE_METHOD_MATCH = YES;
				COPY_PHASE_STRIP = NO;
				DEBUG_INFORMATION_FORMAT = "dwarf-with-dsym";
				ENABLE_NS_ASSERTIONS = NO;
				ENABLE_STRICT_OBJC_MSGSEND = YES;
				ENABLE_USER_SCRIPT_SANDBOXING = YES;
				GCC_C_LANGUAGE_STANDARD = gnu17;
				GCC_NO_COMMON_BLOCKS = YES;
				GCC_WARN_64_TO_32_BIT_CONVERSION = YES;
				GCC_WARN_ABOUT_RETURN_TYPE = YES_ERROR;
				GCC_WARN_UNDECLARED_SELECTOR = YES;
				GCC_WARN_UNINITIALIZED_AUTOS = YES_AGGRESSIVE;
				GCC_WARN_UNUSED_FUNCTION = YES;
				GCC_WARN_UNUSED_VARIABLE = YES;
				LOCALIZATION_PREFERS_STRING_CATALOGS = YES;
				MACOSX_DEPLOYMENT_TARGET = 15.2;
				MTL_ENABLE_DEBUG_INFO = NO;
				MTL_FAST_MATH = YES;
				SDKROOT = macosx;
			};
			name = Release;
		};
		A9C5DB0C2D9ACAFC008FD8D5 /* Debug */ = {
			isa = XCBuildConfiguration;
			buildSettings = {
				CODE_SIGN_STYLE = Automatic;
				DEVELOPMENT_TEAM = 3ZH6236ET5;
				ENABLE_HARDENED_RUNTIME = YES;
				GCC_PREPROCESSOR_DEFINITIONS = (
					"DEBUG=1",
					"$(inherited)",
					"SQLITE_CORE=1",
					"QJS_BUILD_LIBC=1",
				);
				PRODUCT_NAME = "$(TARGET_NAME)";
			};
			name = Debug;
		};
		A9C5DB0D2D9ACAFC008FD8D5 /* Release */ = {
			isa = XCBuildConfiguration;
			buildSettings = {
				CODE_SIGN_STYLE = Automatic;
				DEVELOPMENT_TEAM = 3ZH6236ET5;
				ENABLE_HARDENED_RUNTIME = YES;
				GCC_PREPROCESSOR_DEFINITIONS = (
					"SQLITE_CORE=1",
					"QJS_BUILD_LIBC=1",
				);
				PRODUCT_NAME = "$(TARGET_NAME)";
			};
			name = Release;
		};
/* End XCBuildConfiguration section */

/* Begin XCConfigurationList section */
		A9C5DAFF2D9ACAFC008FD8D5 /* Build configuration list for PBXProject "sqlitejs" */ = {
			isa = XCConfigurationList;
			buildConfigurations = (
				A9C5DB092D9ACAFC008FD8D5 /* Debug */,
				A9C5DB0A2D9ACAFC008FD8D5 /* Release */,
			);
			defaultConfigurationIsVisible = 0;
			defaultConfigurationName = Release;
		};
		A9C5DB0B2D9ACAFC008FD8D5 /* Build configuration list for PBXNativeTarget "sqlitejs" */ = {
			isa = XCConfigurationList;
			buildConfigurations = (
				A9C5DB0C2D9ACAFC008FD8D5 /* Debug */,
				A9C5DB0D2D9ACAFC008FD8D5 /* Release */,
			);
			defaultConfigurationIsVisible = 0;
			defaultConfigurationName = Release;
		};
/* End XCConfigurationList section */
	};
	rootObject = A9C5DAFC2D9ACAFC008FD8D5 /* Project object */;
}
